// !$*UTF8*$!
{
	archiveVersion = 1;
	classes = {
	};
	objectVersion = 46;
	objects = {

/* Begin PBXBuildFile section */
		A657D3D51EF378EF00E05529 /* AppDelegate.swift in Sources */ = {isa = PBXBuildFile; fileRef = A657D3D41EF378EF00E05529 /* AppDelegate.swift */; };
		A657D3D71EF378EF00E05529 /* ViewController.swift in Sources */ = {isa = PBXBuildFile; fileRef = A657D3D61EF378EF00E05529 /* ViewController.swift */; };
		A657D3DA1EF378EF00E05529 /* Main.storyboard in Resources */ = {isa = PBXBuildFile; fileRef = A657D3D81EF378EF00E05529 /* Main.storyboard */; };
		A657D3DC1EF378EF00E05529 /* Assets.xcassets in Resources */ = {isa = PBXBuildFile; fileRef = A657D3DB1EF378EF00E05529 /* Assets.xcassets */; };
		A657D3DF1EF378EF00E05529 /* LaunchScreen.storyboard in Resources */ = {isa = PBXBuildFile; fileRef = A657D3DD1EF378EF00E05529 /* LaunchScreen.storyboard */; };
		A657D3EF1EF37BF800E05529 /* angry.png in Resources */ = {isa = PBXBuildFile; fileRef = A657D3EA1EF37BF800E05529 /* angry.png */; };
		A657D3F01EF37BF800E05529 /* haha.png in Resources */ = {isa = PBXBuildFile; fileRef = A657D3EB1EF37BF800E05529 /* haha.png */; };
		A657D3F11EF37BF800E05529 /* like.png in Resources */ = {isa = PBXBuildFile; fileRef = A657D3EC1EF37BF800E05529 /* like.png */; };
		A657D3F21EF37BF800E05529 /* love.png in Resources */ = {isa = PBXBuildFile; fileRef = A657D3ED1EF37BF800E05529 /* love.png */; };
		A657D3F31EF37BF800E05529 /* sad.png in Resources */ = {isa = PBXBuildFile; fileRef = A657D3EE1EF37BF800E05529 /* sad.png */; };
		A657D3FA1EF380A900E05529 /* avatar1.png in Resources */ = {isa = PBXBuildFile; fileRef = A657D3F41EF380A900E05529 /* avatar1.png */; };
		A657D3FB1EF380A900E05529 /* avatar2.png in Resources */ = {isa = PBXBuildFile; fileRef = A657D3F51EF380A900E05529 /* avatar2.png */; };
		A657D3FC1EF380A900E05529 /* comment.png in Resources */ = {isa = PBXBuildFile; fileRef = A657D3F61EF380A900E05529 /* comment.png */; };
		A657D3FD1EF380A900E05529 /* greyLike.png in Resources */ = {isa = PBXBuildFile; fileRef = A657D3F71EF380A900E05529 /* greyLike.png */; };
		A657D3FE1EF380A900E05529 /* img.png in Resources */ = {isa = PBXBuildFile; fileRef = A657D3F81EF380A900E05529 /* img.png */; };
		A657D3FF1EF380A900E05529 /* share.png in Resources */ = {isa = PBXBuildFile; fileRef = A657D3F91EF380A900E05529 /* share.png */; };
/* End PBXBuildFile section */

/* Begin PBXFileReference section */
		A657D3D11EF378EF00E05529 /* PopoverView.app */ = {isa = PBXFileReference; explicitFileType = wrapper.application; includeInIndex = 0; path = PopoverView.app; sourceTree = BUILT_PRODUCTS_DIR; };
		A657D3D41EF378EF00E05529 /* AppDelegate.swift */ = {isa = PBXFileReference; lastKnownFileType = sourcecode.swift; path = AppDelegate.swift; sourceTree = "<group>"; };
		A657D3D61EF378EF00E05529 /* ViewController.swift */ = {isa = PBXFileReference; lastKnownFileType = sourcecode.swift; path = ViewController.swift; sourceTree = "<group>"; };
		A657D3D91EF378EF00E05529 /* Base */ = {isa = PBXFileReference; lastKnownFileType = file.storyboard; name = Base; path = Base.lproj/Main.storyboard; sourceTree = "<group>"; };
		A657D3DB1EF378EF00E05529 /* Assets.xcassets */ = {isa = PBXFileReference; lastKnownFileType = folder.assetcatalog; path = Assets.xcassets; sourceTree = "<group>"; };
		A657D3DE1EF378EF00E05529 /* Base */ = {isa = PBXFileReference; lastKnownFileType = file.storyboard; name = Base; path = Base.lproj/LaunchScreen.storyboard; sourceTree = "<group>"; };
		A657D3E01EF378EF00E05529 /* Info.plist */ = {isa = PBXFileReference; lastKnownFileType = text.plist.xml; path = Info.plist; sourceTree = "<group>"; };
		A657D3EA1EF37BF800E05529 /* angry.png */ = {isa = PBXFileReference; lastKnownFileType = image.png; path = angry.png; sourceTree = "<group>"; };
		A657D3EB1EF37BF800E05529 /* haha.png */ = {isa = PBXFileReference; lastKnownFileType = image.png; path = haha.png; sourceTree = "<group>"; };
		A657D3EC1EF37BF800E05529 /* like.png */ = {isa = PBXFileReference; lastKnownFileType = image.png; path = like.png; sourceTree = "<group>"; };
		A657D3ED1EF37BF800E05529 /* love.png */ = {isa = PBXFileReference; lastKnownFileType = image.png; path = love.png; sourceTree = "<group>"; };
		A657D3EE1EF37BF800E05529 /* sad.png */ = {isa = PBXFileReference; lastKnownFileType = image.png; path = sad.png; sourceTree = "<group>"; };
		A657D3F41EF380A900E05529 /* avatar1.png */ = {isa = PBXFileReference; lastKnownFileType = image.png; path = avatar1.png; sourceTree = "<group>"; };
		A657D3F51EF380A900E05529 /* avatar2.png */ = {isa = PBXFileReference; lastKnownFileType = image.png; path = avatar2.png; sourceTree = "<group>"; };
		A657D3F61EF380A900E05529 /* comment.png */ = {isa = PBXFileReference; lastKnownFileType = image.png; path = comment.png; sourceTree = "<group>"; };
		A657D3F71EF380A900E05529 /* greyLike.png */ = {isa = PBXFileReference; lastKnownFileType = image.png; path = greyLike.png; sourceTree = "<group>"; };
		A657D3F81EF380A900E05529 /* img.png */ = {isa = PBXFileReference; lastKnownFileType = image.png; path = img.png; sourceTree = "<group>"; };
		A657D3F91EF380A900E05529 /* share.png */ = {isa = PBXFileReference; lastKnownFileType = image.png; path = share.png; sourceTree = "<group>"; };
/* End PBXFileReference section */

/* Begin PBXFrameworksBuildPhase section */
		A657D3CE1EF378EF00E05529 /* Frameworks */ = {
			isa = PBXFrameworksBuildPhase;
			buildActionMask = 2147483647;
			files = (
			);
			runOnlyForDeploymentPostprocessing = 0;
		};
/* End PBXFrameworksBuildPhase section */

/* Begin PBXGroup section */
		A657D3C81EF378EF00E05529 = {
			isa = PBXGroup;
			children = (
				A657D3D31EF378EF00E05529 /* PopoverView */,
				A657D3D21EF378EF00E05529 /* Products */,
			);
			sourceTree = "<group>";
		};
		A657D3D21EF378EF00E05529 /* Products */ = {
			isa = PBXGroup;
			children = (
				A657D3D11EF378EF00E05529 /* PopoverView.app */,
			);
			name = Products;
			sourceTree = "<group>";
		};
		A657D3D31EF378EF00E05529 /* PopoverView */ = {
			isa = PBXGroup;
			children = (
				A657D3E71EF37BA100E05529 /* Resource */,
				A657D3D41EF378EF00E05529 /* AppDelegate.swift */,
				A657D3D61EF378EF00E05529 /* ViewController.swift */,
				A657D3D81EF378EF00E05529 /* Main.storyboard */,
				A657D3DB1EF378EF00E05529 /* Assets.xcassets */,
				A657D3DD1EF378EF00E05529 /* LaunchScreen.storyboard */,
				A657D3E01EF378EF00E05529 /* Info.plist */,
			);
			path = PopoverView;
			sourceTree = "<group>";
		};
		A657D3E71EF37BA100E05529 /* Resource */ = {
			isa = PBXGroup;
			children = (
				A657D3F41EF380A900E05529 /* avatar1.png */,
				A657D3F51EF380A900E05529 /* avatar2.png */,
				A657D3F61EF380A900E05529 /* comment.png */,
				A657D3F71EF380A900E05529 /* greyLike.png */,
				A657D3F81EF380A900E05529 /* img.png */,
				A657D3F91EF380A900E05529 /* share.png */,
				A657D3EA1EF37BF800E05529 /* angry.png */,
				A657D3EB1EF37BF800E05529 /* haha.png */,
				A657D3EC1EF37BF800E05529 /* like.png */,
				A657D3ED1EF37BF800E05529 /* love.png */,
				A657D3EE1EF37BF800E05529 /* sad.png */,
			);
			name = Resource;
			sourceTree = "<group>";
		};
/* End PBXGroup section */

/* Begin PBXNativeTarget section */
		A657D3D01EF378EF00E05529 /* PopoverView */ = {
			isa = PBXNativeTarget;
			buildConfigurationList = A657D3E31EF378EF00E05529 /* Build configuration list for PBXNativeTarget "PopoverView" */;
			buildPhases = (
				A657D3CD1EF378EF00E05529 /* Sources */,
				A657D3CE1EF378EF00E05529 /* Frameworks */,
				A657D3CF1EF378EF00E05529 /* Resources */,
			);
			buildRules = (
			);
			dependencies = (
			);
			name = PopoverView;
			productName = PopoverView;
			productReference = A657D3D11EF378EF00E05529 /* PopoverView.app */;
			productType = "com.apple.product-type.application";
		};
/* End PBXNativeTarget section */

/* Begin PBXProject section */
		A657D3C91EF378EF00E05529 /* Project object */ = {
			isa = PBXProject;
			attributes = {
				LastSwiftUpdateCheck = 0820;
				LastUpgradeCheck = 0820;
				ORGANIZATIONNAME = Tung;
				TargetAttributes = {
					A657D3D01EF378EF00E05529 = {
						CreatedOnToolsVersion = 8.2.1;
						ProvisioningStyle = Automatic;
					};
				};
			};
			buildConfigurationList = A657D3CC1EF378EF00E05529 /* Build configuration list for PBXProject "PopoverView" */;
			compatibilityVersion = "Xcode 3.2";
			developmentRegion = English;
			hasScannedForEncodings = 0;
			knownRegions = (
				en,
				Base,
			);
			mainGroup = A657D3C81EF378EF00E05529;
			productRefGroup = A657D3D21EF378EF00E05529 /* Products */;
			projectDirPath = "";
			projectRoot = "";
			targets = (
				A657D3D01EF378EF00E05529 /* PopoverView */,
			);
		};
/* End PBXProject section */

/* Begin PBXResourcesBuildPhase section */
		A657D3CF1EF378EF00E05529 /* Resources */ = {
			isa = PBXResourcesBuildPhase;
			buildActionMask = 2147483647;
			files = (
				A657D3DF1EF378EF00E05529 /* LaunchScreen.storyboard in Resources */,
				A657D3F01EF37BF800E05529 /* haha.png in Resources */,
				A657D3F31EF37BF800E05529 /* sad.png in Resources */,
				A657D3FF1EF380A900E05529 /* share.png in Resources */,
				A657D3FD1EF380A900E05529 /* greyLike.png in Resources */,
				A657D3FB1EF380A900E05529 /* avatar2.png in Resources */,
				A657D3F11EF37BF800E05529 /* like.png in Resources */,
				A657D3EF1EF37BF800E05529 /* angry.png in Resources */,
				A657D3DC1EF378EF00E05529 /* Assets.xcassets in Resources */,
				A657D3F21EF37BF800E05529 /* love.png in Resources */,
				A657D3DA1EF378EF00E05529 /* Main.storyboard in Resources */,
				A657D3FC1EF380A900E05529 /* comment.png in Resources */,
				A657D3FE1EF380A900E05529 /* img.png in Resources */,
				A657D3FA1EF380A900E05529 /* avatar1.png in Resources */,
			);
			runOnlyForDeploymentPostprocessing = 0;
		};
/* End PBXResourcesBuildPhase section */

/* Begin PBXSourcesBuildPhase section */
		A657D3CD1EF378EF00E05529 /* Sources */ = {
			isa = PBXSourcesBuildPhase;
			buildActionMask = 2147483647;
			files = (
				A657D3D71EF378EF00E05529 /* ViewController.swift in Sources */,
				A657D3D51EF378EF00E05529 /* AppDelegate.swift in Sources */,
			);
			runOnlyForDeploymentPostprocessing = 0;
		};
/* End PBXSourcesBuildPhase section */

/* Begin PBXVariantGroup section */
		A657D3D81EF378EF00E05529 /* Main.storyboard */ = {
			isa = PBXVariantGroup;
			children = (
				A657D3D91EF378EF00E05529 /* Base */,
			);
			name = Main.storyboard;
			sourceTree = "<group>";
		};
		A657D3DD1EF378EF00E05529 /* LaunchScreen.storyboard */ = {
			isa = PBXVariantGroup;
			children = (
				A657D3DE1EF378EF00E05529 /* Base */,
			);
			name = LaunchScreen.storyboard;
			sourceTree = "<group>";
		};
/* End PBXVariantGroup section */

/* Begin XCBuildConfiguration section */
		A657D3E11EF378EF00E05529 /* Debug */ = {
			isa = XCBuildConfiguration;
			buildSettings = {
				ALWAYS_SEARCH_USER_PATHS = NO;
				CLANG_ANALYZER_NONNULL = YES;
				CLANG_CXX_LANGUAGE_STANDARD = "gnu++0x";
				CLANG_CXX_LIBRARY = "libc++";
				CLANG_ENABLE_MODULES = YES;
				CLANG_ENABLE_OBJC_ARC = YES;
				CLANG_WARN_BOOL_CONVERSION = YES;
				CLANG_WARN_CONSTANT_CONVERSION = YES;
				CLANG_WARN_DIRECT_OBJC_ISA_USAGE = YES_ERROR;
				CLANG_WARN_DOCUMENTATION_COMMENTS = YES;
				CLANG_WARN_EMPTY_BODY = YES;
				CLANG_WARN_ENUM_CONVERSION = YES;
				CLANG_WARN_INFINITE_RECURSION = YES;
				CLANG_WARN_INT_CONVERSION = YES;
				CLANG_WARN_OBJC_ROOT_CLASS = YES_ERROR;
				CLANG_WARN_SUSPICIOUS_MOVE = YES;
				CLANG_WARN_UNREACHABLE_CODE = YES;
				CLANG_WARN__DUPLICATE_METHOD_MATCH = YES;
				"CODE_SIGN_IDENTITY[sdk=iphoneos*]" = "iPhone Developer";
				COPY_PHASE_STRIP = NO;
				DEBUG_INFORMATION_FORMAT = dwarf;
				ENABLE_STRICT_OBJC_MSGSEND = YES;
				ENABLE_TESTABILITY = YES;
				GCC_C_LANGUAGE_STANDARD = gnu99;
				GCC_DYNAMIC_NO_PIC = NO;
				GCC_NO_COMMON_BLOCKS = YES;
				GCC_OPTIMIZATION_LEVEL = 0;
				GCC_PREPROCESSOR_DEFINITIONS = (
					"DEBUG=1",
					"$(inherited)",
				);
				GCC_WARN_64_TO_32_BIT_CONVERSION = YES;
				GCC_WARN_ABOUT_RETURN_TYPE = YES_ERROR;
				GCC_WARN_UNDECLARED_SELECTOR = YES;
				GCC_WARN_UNINITIALIZED_AUTOS = YES_AGGRESSIVE;
				GCC_WARN_UNUSED_FUNCTION = YES;
				GCC_WARN_UNUSED_VARIABLE = YES;
				IPHONEOS_DEPLOYMENT_TARGET = 10.2;
				MTL_ENABLE_DEBUG_INFO = YES;
				ONLY_ACTIVE_ARCH = YES;
				SDKROOT = iphoneos;
				SWIFT_ACTIVE_COMPILATION_CONDITIONS = DEBUG;
				SWIFT_OPTIMIZATION_LEVEL = "-Onone";
				TARGETED_DEVICE_FAMILY = "1,2";
			};
			name = Debug;
		};
		A657D3E21EF378EF00E05529 /* Release */ = {
			isa = XCBuildConfiguration;
			buildSettings = {
				ALWAYS_SEARCH_USER_PATHS = NO;
				CLANG_ANALYZER_NONNULL = YES;
				CLANG_CXX_LANGUAGE_STANDARD = "gnu++0x";
				CLANG_CXX_LIBRARY = "libc++";
				CLANG_ENABLE_MODULES = YES;
				CLANG_ENABLE_OBJC_ARC = YES;
				CLANG_WARN_BOOL_CONVERSION = YES;
				CLANG_WARN_CONSTANT_CONVERSION = YES;
				CLANG_WARN_DIRECT_OBJC_ISA_USAGE = YES_ERROR;
				CLANG_WARN_DOCUMENTATION_COMMENTS = YES;
				CLANG_WARN_EMPTY_BODY = YES;
				CLANG_WARN_ENUM_CONVERSION = YES;
				CLANG_WARN_INFINITE_RECURSION = YES;
				CLANG_WARN_INT_CONVERSION = YES;
				CLANG_WARN_OBJC_ROOT_CLASS = YES_ERROR;
				CLANG_WARN_SUSPICIOUS_MOVE = YES;
				CLANG_WARN_UNREACHABLE_CODE = YES;
				CLANG_WARN__DUPLICATE_METHOD_MATCH = YES;
				"CODE_SIGN_IDENTITY[sdk=iphoneos*]" = "iPhone Developer";
				COPY_PHASE_STRIP = NO;
				DEBUG_INFORMATION_FORMAT = "dwarf-with-dsym";
				ENABLE_NS_ASSERTIONS = NO;
				ENABLE_STRICT_OBJC_MSGSEND = YES;
				GCC_C_LANGUAGE_STANDARD = gnu99;
				GCC_NO_COMMON_BLOCKS = YES;
				GCC_WARN_64_TO_32_BIT_CONVERSION = YES;
				GCC_WARN_ABOUT_RETURN_TYPE = YES_ERROR;
				GCC_WARN_UNDECLARED_SELECTOR = YES;
				GCC_WARN_UNINITIALIZED_AUTOS = YES_AGGRESSIVE;
				GCC_WARN_UNUSED_FUNCTION = YES;
				GCC_WARN_UNUSED_VARIABLE = YES;
				IPHONEOS_DEPLOYMENT_TARGET = 10.2;
				MTL_ENABLE_DEBUG_INFO = NO;
				SDKROOT = iphoneos;
				SWIFT_OPTIMIZATION_LEVEL = "-Owholemodule";
				TARGETED_DEVICE_FAMILY = "1,2";
				VALIDATE_PRODUCT = YES;
			};
			name = Release;
		};
		A657D3E41EF378EF00E05529 /* Debug */ = {
			isa = XCBuildConfiguration;
			buildSettings = {
				ASSETCATALOG_COMPILER_APPICON_NAME = AppIcon;
				INFOPLIST_FILE = PopoverView/Info.plist;
				LD_RUNPATH_SEARCH_PATHS = "$(inherited) @executable_path/Frameworks";
				PRODUCT_BUNDLE_IDENTIFIER = Tung.PopoverView;
				PRODUCT_NAME = "$(TARGET_NAME)";
				SWIFT_VERSION = 3.0;
			};
			name = Debug;
		};
		A657D3E51EF378EF00E05529 /* Release */ = {
			isa = XCBuildConfiguration;
			buildSettings = {
				ASSETCATALOG_COMPILER_APPICON_NAME = AppIcon;
				INFOPLIST_FILE = PopoverView/Info.plist;
				LD_RUNPATH_SEARCH_PATHS = "$(inherited) @executable_path/Frameworks";
				PRODUCT_BUNDLE_IDENTIFIER = Tung.PopoverView;
				PRODUCT_NAME = "$(TARGET_NAME)";
				SWIFT_VERSION = 3.0;
			};
			name = Release;
		};
/* End XCBuildConfiguration section */

/* Begin XCConfigurationList section */
		A657D3CC1EF378EF00E05529 /* Build configuration list for PBXProject "PopoverView" */ = {
			isa = XCConfigurationList;
			buildConfigurations = (
				A657D3E11EF378EF00E05529 /* Debug */,
				A657D3E21EF378EF00E05529 /* Release */,
			);
			defaultConfigurationIsVisible = 0;
			defaultConfigurationName = Release;
		};
		A657D3E31EF378EF00E05529 /* Build configuration list for PBXNativeTarget "PopoverView" */ = {
			isa = XCConfigurationList;
			buildConfigurations = (
				A657D3E41EF378EF00E05529 /* Debug */,
				A657D3E51EF378EF00E05529 /* Release */,
			);
			defaultConfigurationIsVisible = 0;
		};
/* End XCConfigurationList section */
	};
	rootObject = A657D3C91EF378EF00E05529 /* Project object */;
}
